
Microsoft Visual Studio Solution File, Format Version 12.00
# Visual Studio Version 17
VisualStudioVersion = 17.4.33213.308
MinimumVisualStudioVersion = 10.0.40219.1
Project("{FAE04EC0-301F-11D3-BF4B-00C04F79EFBC}") = "ConsoleNUnit", "ConsoleNUnit\ConsoleNUnit.csproj", "{20294BFE-A77F-4F38-92D7-931788751683}"
EndProject
Project("{FAE04EC0-301F-11D3-BF4B-00C04F79EFBC}") = "TestNUnit", "TestNUnit\TestNUnit.csproj", "{580AAA51-1154-486E-8F03-91A715E69F46}"
EndProject
Global
	GlobalSection(SolutionConfigurationPlatforms) = preSolution
		Debug|Any CPU = Debug|Any CPU
		Release|Any CPU = Release|Any CPU
	EndGlobalSection
	GlobalSection(ProjectConfigurationPlatforms) = postSolution
		{20294BFE-A77F-4F38-92D7-931788751683}.Debug|Any CPU.ActiveCfg = Debug|Any CPU
		{20294BFE-A77F-4F38-92D7-931788751683}.Debug|Any CPU.Build.0 = Debug|Any CPU
		{20294BFE-A77F-4F38-92D7-931788751683}.Release|Any CPU.ActiveCfg = Release|Any CPU
		{20294BFE-A77F-4F38-92D7-931788751683}.Release|Any CPU.Build.0 = Release|Any CPU
		{580AAA51-1154-486E-8F03-91A715E69F46}.Debug|Any CPU.ActiveCfg = Debug|Any CPU
		{580AAA51-1154-486E-8F03-91A715E69F46}.Debug|Any CPU.Build.0 = Debug|Any CPU
		{580AAA51-1154-486E-8F03-91A715E69F46}.Release|Any CPU.ActiveCfg = Release|Any CPU
		{580AAA51-1154-486E-8F03-91A715E69F46}.Release|Any CPU.Build.0 = Release|Any CPU
	EndGlobalSection
	GlobalSection(SolutionProperties) = preSolution
		HideSolutionNode = FALSE
	EndGlobalSection
	GlobalSection(ExtensibilityGlobals) = postSolution
		SolutionGuid = {DDC1F603-1F9B-4FB8-A592-CCF67E9E460F}
	EndGlobalSection
EndGlobal
